
Microsoft Visual Studio Solution File, Format Version 12.00
# Visual Studio 2012
Project("{FAE04EC0-301F-11D3-BF4B-00C04F79EFBC}") = "NullMyLocationButtonEnabled.iOS", "NullMyLocationButtonEnabled.iOS\NullMyLocationButtonEnabled.iOS.csproj", "{132A15D6-E041-4151-9F54-61EAF133ABAF}"
EndProject
Project("{FAE04EC0-301F-11D3-BF4B-00C04F79EFBC}") = "NullMyLocationButtonEnabled", "NullMyLocationButtonEnabled\NullMyLocationButtonEnabled.csproj", "{C48119F2-9BDC-4DC7-93B1-A1DB3BCBF64A}"
EndProject
Global
	GlobalSection(SolutionConfigurationPlatforms) = preSolution
		Debug|Any CPU = Debug|Any CPU
		Release|Any CPU = Release|Any CPU
		Debug|iPhoneSimulator = Debug|iPhoneSimulator
		Release|iPhoneSimulator = Release|iPhoneSimulator
		Debug|iPhone = Debug|iPhone
		Release|iPhone = Release|iPhone
		Ad-Hoc|iPhone = Ad-Hoc|iPhone
		AppStore|iPhone = AppStore|iPhone
	EndGlobalSection
	GlobalSection(ProjectConfigurationPlatforms) = postSolution
		{132A15D6-E041-4151-9F54-61EAF133ABAF}.Debug|Any CPU.ActiveCfg = Debug|iPhoneSimulator
		{132A15D6-E041-4151-9F54-61EAF133ABAF}.Debug|Any CPU.Build.0 = Debug|iPhoneSimulator
		{132A15D6-E041-4151-9F54-61EAF133ABAF}.Release|Any CPU.ActiveCfg = Release|iPhoneSimulator
		{132A15D6-E041-4151-9F54-61EAF133ABAF}.Release|Any CPU.Build.0 = Release|iPhoneSimulator
		{132A15D6-E041-4151-9F54-61EAF133ABAF}.Debug|iPhoneSimulator.ActiveCfg = Debug|iPhoneSimulator
		{132A15D6-E041-4151-9F54-61EAF133ABAF}.Debug|iPhoneSimulator.Build.0 = Debug|iPhoneSimulator
		{132A15D6-E041-4151-9F54-61EAF133ABAF}.Release|iPhoneSimulator.ActiveCfg = Release|iPhoneSimulator
		{132A15D6-E041-4151-9F54-61EAF133ABAF}.Release|iPhoneSimulator.Build.0 = Release|iPhoneSimulator
		{132A15D6-E041-4151-9F54-61EAF133ABAF}.Debug|iPhone.ActiveCfg = Debug|iPhone
		{132A15D6-E041-4151-9F54-61EAF133ABAF}.Debug|iPhone.Build.0 = Debug|iPhone
		{132A15D6-E041-4151-9F54-61EAF133ABAF}.Release|iPhone.ActiveCfg = Release|iPhone
		{132A15D6-E041-4151-9F54-61EAF133ABAF}.Release|iPhone.Build.0 = Release|iPhone
		{132A15D6-E041-4151-9F54-61EAF133ABAF}.Ad-Hoc|iPhone.ActiveCfg = Ad-Hoc|iPhone
		{132A15D6-E041-4151-9F54-61EAF133ABAF}.Ad-Hoc|iPhone.Build.0 = Ad-Hoc|iPhone
		{132A15D6-E041-4151-9F54-61EAF133ABAF}.AppStore|iPhone.ActiveCfg = AppStore|iPhone
		{132A15D6-E041-4151-9F54-61EAF133ABAF}.AppStore|iPhone.Build.0 = AppStore|iPhone
		{C48119F2-9BDC-4DC7-93B1-A1DB3BCBF64A}.Debug|Any CPU.ActiveCfg = Debug|Any CPU
		{C48119F2-9BDC-4DC7-93B1-A1DB3BCBF64A}.Debug|Any CPU.Build.0 = Debug|Any CPU
		{C48119F2-9BDC-4DC7-93B1-A1DB3BCBF64A}.Release|Any CPU.ActiveCfg = Release|Any CPU
		{C48119F2-9BDC-4DC7-93B1-A1DB3BCBF64A}.Release|Any CPU.Build.0 = Release|Any CPU
		{C48119F2-9BDC-4DC7-93B1-A1DB3BCBF64A}.Debug|iPhoneSimulator.ActiveCfg = Debug|Any CPU
		{C48119F2-9BDC-4DC7-93B1-A1DB3BCBF64A}.Debug|iPhoneSimulator.Build.0 = Debug|Any CPU
		{C48119F2-9BDC-4DC7-93B1-A1DB3BCBF64A}.Release|iPhoneSimulator.ActiveCfg = Release|Any CPU
		{C48119F2-9BDC-4DC7-93B1-A1DB3BCBF64A}.Release|iPhoneSimulator.Build.0 = Release|Any CPU
		{C48119F2-9BDC-4DC7-93B1-A1DB3BCBF64A}.Debug|iPhone.ActiveCfg = Debug|Any CPU
		{C48119F2-9BDC-4DC7-93B1-A1DB3BCBF64A}.Debug|iPhone.Build.0 = Debug|Any CPU
		{C48119F2-9BDC-4DC7-93B1-A1DB3BCBF64A}.Release|iPhone.ActiveCfg = Release|Any CPU
		{C48119F2-9BDC-4DC7-93B1-A1DB3BCBF64A}.Release|iPhone.Build.0 = Release|Any CPU
		{C48119F2-9BDC-4DC7-93B1-A1DB3BCBF64A}.Ad-Hoc|iPhone.ActiveCfg = Debug|Any CPU
		{C48119F2-9BDC-4DC7-93B1-A1DB3BCBF64A}.Ad-Hoc|iPhone.Build.0 = Debug|Any CPU
		{C48119F2-9BDC-4DC7-93B1-A1DB3BCBF64A}.AppStore|iPhone.ActiveCfg = Debug|Any CPU
		{C48119F2-9BDC-4DC7-93B1-A1DB3BCBF64A}.AppStore|iPhone.Build.0 = Debug|Any CPU
	EndGlobalSection
EndGlobal
